
Microsoft Visual Studio Solution File, Format Version 12.00
# Visual Studio 15
VisualStudioVersion = 15.0.27703.2042
MinimumVisualStudioVersion = 10.0.40219.1
Project("{FAE04EC0-301F-11D3-BF4B-00C04F79EFBC}") = "EF.SqlServer", "EF.SqlServer\EF.SqlServer.csproj", "{C05A1590-E762-469D-8358-38BE77B70843}"
EndProject
Global
	GlobalSection(SolutionConfigurationPlatforms) = preSolution
		Debug|Any CPU = Debug|Any CPU
		Release|Any CPU = Release|Any CPU
	EndGlobalSection
	GlobalSection(ProjectConfigurationPlatforms) = postSolution
		{C05A1590-E762-469D-8358-38BE77B70843}.Debug|Any CPU.ActiveCfg = Debug|Any CPU
		{C05A1590-E762-469D-8358-38BE77B70843}.Debug|Any CPU.Build.0 = Debug|Any CPU
		{C05A1590-E762-469D-8358-38BE77B70843}.Release|Any CPU.ActiveCfg = Release|Any CPU
		{C05A1590-E762-469D-8358-38BE77B70843}.Release|Any CPU.Build.0 = Release|Any CPU
	EndGlobalSection
	GlobalSection(SolutionProperties) = preSolution
		HideSolutionNode = FALSE
	EndGlobalSection
	GlobalSection(ExtensibilityGlobals) = postSolution
		SolutionGuid = {D401937A-1FA0-4FC4-A4A3-6E76BC564BAB}
	EndGlobalSection
EndGlobal
